
Microsoft Visual Studio Solution File, Format Version 12.00
# Visual Studio Version 17
VisualStudioVersion = 17.1.32328.378
MinimumVisualStudioVersion = 10.0.40219.1
Project("{9A19103F-16F7-4668-BE54-9A1E7A4F7556}") = "AvaliacaoTecnica1VendasEComissao", "AvaliacaoTecnica1VendasEComissao.csproj", "{29114AB9-8F3F-4BA5-994F-C8291D273A3A}"
EndProject
Global
	GlobalSection(SolutionConfigurationPlatforms) = preSolution
		Debug|Any CPU = Debug|Any CPU
		Release|Any CPU = Release|Any CPU
	EndGlobalSection
	GlobalSection(ProjectConfigurationPlatforms) = postSolution
		{29114AB9-8F3F-4BA5-994F-C8291D273A3A}.Debug|Any CPU.ActiveCfg = Debug|Any CPU
		{29114AB9-8F3F-4BA5-994F-C8291D273A3A}.Debug|Any CPU.Build.0 = Debug|Any CPU
		{29114AB9-8F3F-4BA5-994F-C8291D273A3A}.Release|Any CPU.ActiveCfg = Release|Any CPU
		{29114AB9-8F3F-4BA5-994F-C8291D273A3A}.Release|Any CPU.Build.0 = Release|Any CPU
	EndGlobalSection
	GlobalSection(SolutionProperties) = preSolution
		HideSolutionNode = FALSE
	EndGlobalSection
	GlobalSection(ExtensibilityGlobals) = postSolution
		SolutionGuid = {5323873C-1F06-4224-9190-27B9130847E3}
	EndGlobalSection
EndGlobal
